
Microsoft Visual Studio Solution File, Format Version 12.00
# Visual Studio Version 17
VisualStudioVersion = 17.2.32616.157
MinimumVisualStudioVersion = 10.0.40219.1
Project("{FAE04EC0-301F-11D3-BF4B-00C04F79EFBC}") = "15", "15\15.csproj", "{CE9A8242-0367-4478-8B31-49C49694FBB6}"
EndProject
Global
	GlobalSection(SolutionConfigurationPlatforms) = preSolution
		Debug|Any CPU = Debug|Any CPU
		Release|Any CPU = Release|Any CPU
	EndGlobalSection
	GlobalSection(ProjectConfigurationPlatforms) = postSolution
		{CE9A8242-0367-4478-8B31-49C49694FBB6}.Debug|Any CPU.ActiveCfg = Debug|Any CPU
		{CE9A8242-0367-4478-8B31-49C49694FBB6}.Debug|Any CPU.Build.0 = Debug|Any CPU
		{CE9A8242-0367-4478-8B31-49C49694FBB6}.Release|Any CPU.ActiveCfg = Release|Any CPU
		{CE9A8242-0367-4478-8B31-49C49694FBB6}.Release|Any CPU.Build.0 = Release|Any CPU
	EndGlobalSection
	GlobalSection(SolutionProperties) = preSolution
		HideSolutionNode = FALSE
	EndGlobalSection
	GlobalSection(ExtensibilityGlobals) = postSolution
		SolutionGuid = {E1B456B7-2C69-418B-A2BD-8B5EFE99CB63}
	EndGlobalSection
EndGlobal
